
Microsoft Visual Studio Solution File, Format Version 12.00
# Visual Studio 15
VisualStudioVersion = 15.0.28010.2026
MinimumVisualStudioVersion = 10.0.40219.1
Project("{FAE04EC0-301F-11D3-BF4B-00C04F79EFBC}") = "Coursovaya", "Coursovaya\Coursovaya.csproj", "{03AF237C-FA59-429A-A9AF-66A462157760}"
EndProject
Global
	GlobalSection(SolutionConfigurationPlatforms) = preSolution
		Debug|Any CPU = Debug|Any CPU
		Release|Any CPU = Release|Any CPU
	EndGlobalSection
	GlobalSection(ProjectConfigurationPlatforms) = postSolution
		{03AF237C-FA59-429A-A9AF-66A462157760}.Debug|Any CPU.ActiveCfg = Debug|Any CPU
		{03AF237C-FA59-429A-A9AF-66A462157760}.Debug|Any CPU.Build.0 = Debug|Any CPU
		{03AF237C-FA59-429A-A9AF-66A462157760}.Release|Any CPU.ActiveCfg = Release|Any CPU
		{03AF237C-FA59-429A-A9AF-66A462157760}.Release|Any CPU.Build.0 = Release|Any CPU
	EndGlobalSection
	GlobalSection(SolutionProperties) = preSolution
		HideSolutionNode = FALSE
	EndGlobalSection
	GlobalSection(ExtensibilityGlobals) = postSolution
		SolutionGuid = {BD3C7274-6C39-4F26-9D05-B0E52B8718BC}
	EndGlobalSection
EndGlobal
